
Microsoft Visual Studio Solution File, Format Version 12.00
# Visual Studio Version 17
VisualStudioVersion = 17.0.31903.59
MinimumVisualStudioVersion = 10.0.40219.1
Project("{2150E333-8FDC-42A3-9474-1A3956D46DE8}") = "src", "src", "{827E0CD3-B72D-47B6-A68D-7590B98EB39B}"
EndProject
Project("{FAE04EC0-301F-11D3-BF4B-00C04F79EFBC}") = "HotelERP.Chatbot.Core", "src\HotelERP.Chatbot.Core\HotelERP.Chatbot.Core.csproj", "{B2325239-7FC2-4612-9848-263F2E950C19}"
EndProject
Project("{FAE04EC0-301F-11D3-BF4B-00C04F79EFBC}") = "HotelERP.Chatbot.Api", "src\HotelERP.Chatbot.Api\HotelERP.Chatbot.Api.csproj", "{C45F2864-3D15-4A19-BEEC-857671680743}"
EndProject
Project("{FAE04EC0-301F-11D3-BF4B-00C04F79EFBC}") = "HotelERP.Chatbot.Application", "src\HotelERP.Chatbot.Application\HotelERP.Chatbot.Application.csproj", "{A74E7151-EDB0-4E4F-8748-A826DC0BF95C}"
EndProject
Project("{FAE04EC0-301F-11D3-BF4B-00C04F79EFBC}") = "HotelERP.Chatbot.Infrastructure", "src\HotelERP.Chatbot.Infrastructure\HotelERP.Chatbot.Infrastructure.csproj", "{3A07AFE5-547E-4B02-B01E-8A81E5859FB8}"
EndProject
Global
	GlobalSection(SolutionConfigurationPlatforms) = preSolution
		Debug|Any CPU = Debug|Any CPU
		Debug|x64 = Debug|x64
		Debug|x86 = Debug|x86
		Release|Any CPU = Release|Any CPU
		Release|x64 = Release|x64
		Release|x86 = Release|x86
	EndGlobalSection
	GlobalSection(ProjectConfigurationPlatforms) = postSolution
		{B2325239-7FC2-4612-9848-263F2E950C19}.Debug|Any CPU.ActiveCfg = Debug|Any CPU
		{B2325239-7FC2-4612-9848-263F2E950C19}.Debug|Any CPU.Build.0 = Debug|Any CPU
		{B2325239-7FC2-4612-9848-263F2E950C19}.Debug|x64.ActiveCfg = Debug|Any CPU
		{B2325239-7FC2-4612-9848-263F2E950C19}.Debug|x64.Build.0 = Debug|Any CPU
		{B2325239-7FC2-4612-9848-263F2E950C19}.Debug|x86.ActiveCfg = Debug|Any CPU
		{B2325239-7FC2-4612-9848-263F2E950C19}.Debug|x86.Build.0 = Debug|Any CPU
		{B2325239-7FC2-4612-9848-263F2E950C19}.Release|Any CPU.ActiveCfg = Release|Any CPU
		{B2325239-7FC2-4612-9848-263F2E950C19}.Release|Any CPU.Build.0 = Release|Any CPU
		{B2325239-7FC2-4612-9848-263F2E950C19}.Release|x64.ActiveCfg = Release|Any CPU
		{B2325239-7FC2-4612-9848-263F2E950C19}.Release|x64.Build.0 = Release|Any CPU
		{B2325239-7FC2-4612-9848-263F2E950C19}.Release|x86.ActiveCfg = Release|Any CPU
		{B2325239-7FC2-4612-9848-263F2E950C19}.Release|x86.Build.0 = Release|Any CPU
		{C45F2864-3D15-4A19-BEEC-857671680743}.Debug|Any CPU.ActiveCfg = Debug|Any CPU
		{C45F2864-3D15-4A19-BEEC-857671680743}.Debug|Any CPU.Build.0 = Debug|Any CPU
		{C45F2864-3D15-4A19-BEEC-857671680743}.Debug|x64.ActiveCfg = Debug|Any CPU
		{C45F2864-3D15-4A19-BEEC-857671680743}.Debug|x64.Build.0 = Debug|Any CPU
		{C45F2864-3D15-4A19-BEEC-857671680743}.Debug|x86.ActiveCfg = Debug|Any CPU
		{C45F2864-3D15-4A19-BEEC-857671680743}.Debug|x86.Build.0 = Debug|Any CPU
		{C45F2864-3D15-4A19-BEEC-857671680743}.Release|Any CPU.ActiveCfg = Release|Any CPU
		{C45F2864-3D15-4A19-BEEC-857671680743}.Release|Any CPU.Build.0 = Release|Any CPU
		{C45F2864-3D15-4A19-BEEC-857671680743}.Release|x64.ActiveCfg = Release|Any CPU
		{C45F2864-3D15-4A19-BEEC-857671680743}.Release|x64.Build.0 = Release|Any CPU
		{C45F2864-3D15-4A19-BEEC-857671680743}.Release|x86.ActiveCfg = Release|Any CPU
		{C45F2864-3D15-4A19-BEEC-857671680743}.Release|x86.Build.0 = Release|Any CPU
		{A74E7151-EDB0-4E4F-8748-A826DC0BF95C}.Debug|Any CPU.ActiveCfg = Debug|Any CPU
		{A74E7151-EDB0-4E4F-8748-A826DC0BF95C}.Debug|Any CPU.Build.0 = Debug|Any CPU
		{A74E7151-EDB0-4E4F-8748-A826DC0BF95C}.Debug|x64.ActiveCfg = Debug|Any CPU
		{A74E7151-EDB0-4E4F-8748-A826DC0BF95C}.Debug|x64.Build.0 = Debug|Any CPU
		{A74E7151-EDB0-4E4F-8748-A826DC0BF95C}.Debug|x86.ActiveCfg = Debug|Any CPU
		{A74E7151-EDB0-4E4F-8748-A826DC0BF95C}.Debug|x86.Build.0 = Debug|Any CPU
		{A74E7151-EDB0-4E4F-8748-A826DC0BF95C}.Release|Any CPU.ActiveCfg = Release|Any CPU
		{A74E7151-EDB0-4E4F-8748-A826DC0BF95C}.Release|Any CPU.Build.0 = Release|Any CPU
		{A74E7151-EDB0-4E4F-8748-A826DC0BF95C}.Release|x64.ActiveCfg = Release|Any CPU
		{A74E7151-EDB0-4E4F-8748-A826DC0BF95C}.Release|x64.Build.0 = Release|Any CPU
		{A74E7151-EDB0-4E4F-8748-A826DC0BF95C}.Release|x86.ActiveCfg = Release|Any CPU
		{A74E7151-EDB0-4E4F-8748-A826DC0BF95C}.Release|x86.Build.0 = Release|Any CPU
		{3A07AFE5-547E-4B02-B01E-8A81E5859FB8}.Debug|Any CPU.ActiveCfg = Debug|Any CPU
		{3A07AFE5-547E-4B02-B01E-8A81E5859FB8}.Debug|Any CPU.Build.0 = Debug|Any CPU
		{3A07AFE5-547E-4B02-B01E-8A81E5859FB8}.Debug|x64.ActiveCfg = Debug|Any CPU
		{3A07AFE5-547E-4B02-B01E-8A81E5859FB8}.Debug|x64.Build.0 = Debug|Any CPU
		{3A07AFE5-547E-4B02-B01E-8A81E5859FB8}.Debug|x86.ActiveCfg = Debug|Any CPU
		{3A07AFE5-547E-4B02-B01E-8A81E5859FB8}.Debug|x86.Build.0 = Debug|Any CPU
		{3A07AFE5-547E-4B02-B01E-8A81E5859FB8}.Release|Any CPU.ActiveCfg = Release|Any CPU
		{3A07AFE5-547E-4B02-B01E-8A81E5859FB8}.Release|Any CPU.Build.0 = Release|Any CPU
		{3A07AFE5-547E-4B02-B01E-8A81E5859FB8}.Release|x64.ActiveCfg = Release|Any CPU
		{3A07AFE5-547E-4B02-B01E-8A81E5859FB8}.Release|x64.Build.0 = Release|Any CPU
		{3A07AFE5-547E-4B02-B01E-8A81E5859FB8}.Release|x86.ActiveCfg = Release|Any CPU
		{3A07AFE5-547E-4B02-B01E-8A81E5859FB8}.Release|x86.Build.0 = Release|Any CPU
	EndGlobalSection
	GlobalSection(SolutionProperties) = preSolution
		HideSolutionNode = FALSE
	EndGlobalSection
	GlobalSection(NestedProjects) = preSolution
		{B2325239-7FC2-4612-9848-263F2E950C19} = {827E0CD3-B72D-47B6-A68D-7590B98EB39B}
		{C45F2864-3D15-4A19-BEEC-857671680743} = {827E0CD3-B72D-47B6-A68D-7590B98EB39B}
		{A74E7151-EDB0-4E4F-8748-A826DC0BF95C} = {827E0CD3-B72D-47B6-A68D-7590B98EB39B}
		{3A07AFE5-547E-4B02-B01E-8A81E5859FB8} = {827E0CD3-B72D-47B6-A68D-7590B98EB39B}
	EndGlobalSection
EndGlobal
